
Microsoft Visual Studio Solution File, Format Version 12.00
# Visual Studio Version 17
VisualStudioVersion = 17.1.32328.378
MinimumVisualStudioVersion = 10.0.40219.1
Project("{9A19103F-16F7-4668-BE54-9A1E7A4F7556}") = "eShopDemo", "eShopDemo\eShopDemo.csproj", "{03947974-0C00-4EFA-A354-BE5F66BFBD41}"
EndProject
Global
	GlobalSection(SolutionConfigurationPlatforms) = preSolution
		Debug|Any CPU = Debug|Any CPU
		Release|Any CPU = Release|Any CPU
	EndGlobalSection
	GlobalSection(ProjectConfigurationPlatforms) = postSolution
		{03947974-0C00-4EFA-A354-BE5F66BFBD41}.Debug|Any CPU.ActiveCfg = Debug|Any CPU
		{03947974-0C00-4EFA-A354-BE5F66BFBD41}.Debug|Any CPU.Build.0 = Debug|Any CPU
		{03947974-0C00-4EFA-A354-BE5F66BFBD41}.Release|Any CPU.ActiveCfg = Release|Any CPU
		{03947974-0C00-4EFA-A354-BE5F66BFBD41}.Release|Any CPU.Build.0 = Release|Any CPU
	EndGlobalSection
	GlobalSection(SolutionProperties) = preSolution
		HideSolutionNode = FALSE
	EndGlobalSection
	GlobalSection(ExtensibilityGlobals) = postSolution
		SolutionGuid = {5314512D-6A72-4FCD-97FC-2D7F88072D79}
	EndGlobalSection
EndGlobal
